Microsoft Visual Studio Solution File, Format Version 12.00
# Visual Studio Version 17
VisualStudioVersion = 17.5.2.0
MinimumVisualStudioVersion = 10.0.40219.1
Project("{FAE04EC0-301F-11D3-BF4B-00C04F79EFBC}") = "Text-based_AdventureGame", "Text-based_AdventureGame.csproj", "{FC0D04BC-8068-A4D2-9F76-D6E87B5F5BA9}"
EndProject
Global
	GlobalSection(SolutionConfigurationPlatforms) = preSolution
		Debug|Any CPU = Debug|Any CPU
		Release|Any CPU = Release|Any CPU
	EndGlobalSection
	GlobalSection(ProjectConfigurationPlatforms) = postSolution
		{FC0D04BC-8068-A4D2-9F76-D6E87B5F5BA9}.Debug|Any CPU.ActiveCfg = Debug|Any CPU
		{FC0D04BC-8068-A4D2-9F76-D6E87B5F5BA9}.Debug|Any CPU.Build.0 = Debug|Any CPU
		{FC0D04BC-8068-A4D2-9F76-D6E87B5F5BA9}.Release|Any CPU.ActiveCfg = Release|Any CPU
		{FC0D04BC-8068-A4D2-9F76-D6E87B5F5BA9}.Release|Any CPU.Build.0 = Release|Any CPU
	EndGlobalSection
	GlobalSection(SolutionProperties) = preSolution
		HideSolutionNode = FALSE
	EndGlobalSection
	GlobalSection(ExtensibilityGlobals) = postSolution
		SolutionGuid = {FFD658D1-D1EA-4299-BAA6-E1C1EF01BCDE}
	EndGlobalSection
EndGlobal
